
Microsoft Visual Studio Solution File, Format Version 12.00
# Visual Studio 15
Project("{FAE04EC0-301F-11D3-BF4B-00C04F79EFBC}") = "Assembly-CSharp", "Assembly-CSharp.csproj", "{6AC6D2C2-749D-6864-A977-A83899B0B9AB}"
EndProject
Project("{FAE04EC0-301F-11D3-BF4B-00C04F79EFBC}") = "Assembly-CSharp-Editor", "Assembly-CSharp-Editor.csproj", "{61177B49-B6F8-31E4-17F8-5E24A23AA53F}"
EndProject
Global
	GlobalSection(SolutionConfigurationPlatforms) = preSolution
		Debug|Any CPU = Debug|Any CPU
		Release|Any CPU = Release|Any CPU
	EndGlobalSection
	GlobalSection(ProjectConfigurationPlatforms) = postSolution
		{6AC6D2C2-749D-6864-A977-A83899B0B9AB}.Debug|Any CPU.ActiveCfg = Debug|Any CPU
		{6AC6D2C2-749D-6864-A977-A83899B0B9AB}.Debug|Any CPU.Build.0 = Debug|Any CPU
		{6AC6D2C2-749D-6864-A977-A83899B0B9AB}.Release|Any CPU.ActiveCfg = Release|Any CPU
		{6AC6D2C2-749D-6864-A977-A83899B0B9AB}.Release|Any CPU.Build.0 = Release|Any CPU
		{61177B49-B6F8-31E4-17F8-5E24A23AA53F}.Debug|Any CPU.ActiveCfg = Debug|Any CPU
		{61177B49-B6F8-31E4-17F8-5E24A23AA53F}.Debug|Any CPU.Build.0 = Debug|Any CPU
		{61177B49-B6F8-31E4-17F8-5E24A23AA53F}.Release|Any CPU.ActiveCfg = Release|Any CPU
		{61177B49-B6F8-31E4-17F8-5E24A23AA53F}.Release|Any CPU.Build.0 = Release|Any CPU
	EndGlobalSection
	GlobalSection(SolutionProperties) = preSolution
		HideSolutionNode = FALSE
	EndGlobalSection
EndGlobal
